
Microsoft Visual Studio Solution File, Format Version 12.00
# Visual Studio 15
VisualStudioVersion = 15.0.27130.2036
MinimumVisualStudioVersion = 10.0.40219.1
Project("{2150E333-8FDC-42A3-9474-1A3956D46DE8}") = ".nuget", ".nuget", "{E426B2A6-0794-49AA-9C92-909ADF26262C}"
	ProjectSection(SolutionItems) = preProject
		NuGet.Config = NuGet.Config
	EndProjectSection
EndProject
Project("{2150E333-8FDC-42A3-9474-1A3956D46DE8}") = "1. Common", "1. Common", "{49BA55BA-94F1-4959-8B79-F2F6D9676BE2}"
EndProject
Project("{9A19103F-16F7-4668-BE54-9A1E7A4F7556}") = "Aleph1.Skeletons.WebAPI.Models", "Aleph1.Skeletons.WebAPI.Models\Aleph1.Skeletons.WebAPI.Models.csproj", "{C171FE63-5703-4FAB-8C23-272B11851D28}"
EndProject
Project("{2150E333-8FDC-42A3-9474-1A3956D46DE8}") = "2. DAL", "2. DAL", "{B9AECCFA-E013-49B4-9B59-D3B266C7F11C}"
EndProject
Project("{FAE04EC0-301F-11D3-BF4B-00C04F79EFBC}") = "Aleph1.Skeletons.WebAPI.DAL.Contracts", "Aleph1.Skeletons.WebAPI.DAL.Contracts\Aleph1.Skeletons.WebAPI.DAL.Contracts.csproj", "{73C0B117-488E-4A38-87FA-9A2943F444BC}"
EndProject
Project("{FAE04EC0-301F-11D3-BF4B-00C04F79EFBC}") = "Aleph1.Skeletons.WebAPI.DAL.Implementation", "Aleph1.Skeletons.WebAPI.DAL.Implementation\Aleph1.Skeletons.WebAPI.DAL.Implementation.csproj", "{E3936829-7BCD-4E05-A38F-95BE9BF28763}"
EndProject
Project("{FAE04EC0-301F-11D3-BF4B-00C04F79EFBC}") = "Aleph1.Skeletons.WebAPI.DAL.Moq", "Aleph1.Skeletons.WebAPI.DAL.Moq\Aleph1.Skeletons.WebAPI.DAL.Moq.csproj", "{6564AE7C-6D6A-4E5D-B2F9-A5645EF9FE81}"
EndProject
Project("{2150E333-8FDC-42A3-9474-1A3956D46DE8}") = "3. BL", "3. BL", "{7BAF0826-9030-442E-AD1D-2D930D220D89}"
EndProject
Project("{FAE04EC0-301F-11D3-BF4B-00C04F79EFBC}") = "Aleph1.Skeletons.WebAPI.BL.Contracts", "Aleph1.Skeletons.WebAPI.BL.Contracts\Aleph1.Skeletons.WebAPI.BL.Contracts.csproj", "{2C46A29D-53DF-4908-A3B0-765DEC8E9F61}"
EndProject
Project("{FAE04EC0-301F-11D3-BF4B-00C04F79EFBC}") = "Aleph1.Skeletons.WebAPI.BL.Implementation", "Aleph1.Skeletons.WebAPI.BL.Implementation\Aleph1.Skeletons.WebAPI.BL.Implementation.csproj", "{3019CA45-A22F-4C17-98F5-480763CFB5C0}"
EndProject
Project("{2150E333-8FDC-42A3-9474-1A3956D46DE8}") = "4. Security", "4. Security", "{9649F0AB-0C1D-4938-92EA-2873823D7268}"
EndProject
Project("{FAE04EC0-301F-11D3-BF4B-00C04F79EFBC}") = "Aleph1.Skeletons.WebAPI.Security.Contracts", "Aleph1.Skeletons.WebAPI.Security.Contracts\Aleph1.Skeletons.WebAPI.Security.Contracts.csproj", "{5C88D276-6708-40E7-B3D0-AFAD5189B497}"
EndProject
Project("{FAE04EC0-301F-11D3-BF4B-00C04F79EFBC}") = "Aleph1.Skeletons.WebAPI.Security.Implementation", "Aleph1.Skeletons.WebAPI.Security.Implementation\Aleph1.Skeletons.WebAPI.Security.Implementation.csproj", "{E6DBED51-DACC-4493-B6B0-5F6BF63EE105}"
EndProject
Project("{FAE04EC0-301F-11D3-BF4B-00C04F79EFBC}") = "Aleph1.Skeletons.WebAPI.Security.Moq", "Aleph1.Skeletons.WebAPI.Security.Moq\Aleph1.Skeletons.WebAPI.Security.Moq.csproj", "{58C18708-6523-4AFC-A7A2-DBD8715FF6D2}"
EndProject
Project("{2150E333-8FDC-42A3-9474-1A3956D46DE8}") = "5. Web", "5. Web", "{8C94EB85-66DE-4729-B44C-A3FB538D55F4}"
EndProject
Project("{FAE04EC0-301F-11D3-BF4B-00C04F79EFBC}") = "Aleph1.Skeletons.WebAPI.WebAPI", "Aleph1.Skeletons.WebAPI.WebAPI\Aleph1.Skeletons.WebAPI.WebAPI.csproj", "{45DDD773-6F76-4256-8071-9C6586EBA491}"
	ProjectSection(ProjectDependencies) = postProject
		{58C18708-6523-4AFC-A7A2-DBD8715FF6D2} = {58C18708-6523-4AFC-A7A2-DBD8715FF6D2}
		{73C0B117-488E-4A38-87FA-9A2943F444BC} = {73C0B117-488E-4A38-87FA-9A2943F444BC}
		{E3936829-7BCD-4E05-A38F-95BE9BF28763} = {E3936829-7BCD-4E05-A38F-95BE9BF28763}
		{3019CA45-A22F-4C17-98F5-480763CFB5C0} = {3019CA45-A22F-4C17-98F5-480763CFB5C0}
		{E6DBED51-DACC-4493-B6B0-5F6BF63EE105} = {E6DBED51-DACC-4493-B6B0-5F6BF63EE105}
		{6564AE7C-6D6A-4E5D-B2F9-A5645EF9FE81} = {6564AE7C-6D6A-4E5D-B2F9-A5645EF9FE81}
	EndProjectSection
EndProject
Global
	GlobalSection(SolutionConfigurationPlatforms) = preSolution
		Dev|Any CPU = Dev|Any CPU
		Prod|Any CPU = Prod|Any CPU
		Test|Any CPU = Test|Any CPU
	EndGlobalSection
	GlobalSection(ProjectConfigurationPlatforms) = postSolution
		{C171FE63-5703-4FAB-8C23-272B11851D28}.Dev|Any CPU.ActiveCfg = Dev|Any CPU
		{C171FE63-5703-4FAB-8C23-272B11851D28}.Dev|Any CPU.Build.0 = Dev|Any CPU
		{C171FE63-5703-4FAB-8C23-272B11851D28}.Prod|Any CPU.ActiveCfg = Prod|Any CPU
		{C171FE63-5703-4FAB-8C23-272B11851D28}.Prod|Any CPU.Build.0 = Prod|Any CPU
		{C171FE63-5703-4FAB-8C23-272B11851D28}.Test|Any CPU.ActiveCfg = Test|Any CPU
		{C171FE63-5703-4FAB-8C23-272B11851D28}.Test|Any CPU.Build.0 = Test|Any CPU
		{73C0B117-488E-4A38-87FA-9A2943F444BC}.Dev|Any CPU.ActiveCfg = Dev|Any CPU
		{73C0B117-488E-4A38-87FA-9A2943F444BC}.Dev|Any CPU.Build.0 = Dev|Any CPU
		{73C0B117-488E-4A38-87FA-9A2943F444BC}.Prod|Any CPU.ActiveCfg = Prod|Any CPU
		{73C0B117-488E-4A38-87FA-9A2943F444BC}.Prod|Any CPU.Build.0 = Prod|Any CPU
		{73C0B117-488E-4A38-87FA-9A2943F444BC}.Test|Any CPU.ActiveCfg = Test|Any CPU
		{73C0B117-488E-4A38-87FA-9A2943F444BC}.Test|Any CPU.Build.0 = Test|Any CPU
		{E3936829-7BCD-4E05-A38F-95BE9BF28763}.Dev|Any CPU.ActiveCfg = Dev|Any CPU
		{E3936829-7BCD-4E05-A38F-95BE9BF28763}.Dev|Any CPU.Build.0 = Dev|Any CPU
		{E3936829-7BCD-4E05-A38F-95BE9BF28763}.Prod|Any CPU.ActiveCfg = Prod|Any CPU
		{E3936829-7BCD-4E05-A38F-95BE9BF28763}.Prod|Any CPU.Build.0 = Prod|Any CPU
		{E3936829-7BCD-4E05-A38F-95BE9BF28763}.Test|Any CPU.ActiveCfg = Test|Any CPU
		{E3936829-7BCD-4E05-A38F-95BE9BF28763}.Test|Any CPU.Build.0 = Test|Any CPU
		{6564AE7C-6D6A-4E5D-B2F9-A5645EF9FE81}.Dev|Any CPU.ActiveCfg = Dev|Any CPU
		{6564AE7C-6D6A-4E5D-B2F9-A5645EF9FE81}.Dev|Any CPU.Build.0 = Dev|Any CPU
		{6564AE7C-6D6A-4E5D-B2F9-A5645EF9FE81}.Prod|Any CPU.ActiveCfg = Prod|Any CPU
		{6564AE7C-6D6A-4E5D-B2F9-A5645EF9FE81}.Prod|Any CPU.Build.0 = Prod|Any CPU
		{6564AE7C-6D6A-4E5D-B2F9-A5645EF9FE81}.Test|Any CPU.ActiveCfg = Test|Any CPU
		{6564AE7C-6D6A-4E5D-B2F9-A5645EF9FE81}.Test|Any CPU.Build.0 = Test|Any CPU
		{2C46A29D-53DF-4908-A3B0-765DEC8E9F61}.Dev|Any CPU.ActiveCfg = Dev|Any CPU
		{2C46A29D-53DF-4908-A3B0-765DEC8E9F61}.Dev|Any CPU.Build.0 = Dev|Any CPU
		{2C46A29D-53DF-4908-A3B0-765DEC8E9F61}.Prod|Any CPU.ActiveCfg = Prod|Any CPU
		{2C46A29D-53DF-4908-A3B0-765DEC8E9F61}.Prod|Any CPU.Build.0 = Prod|Any CPU
		{2C46A29D-53DF-4908-A3B0-765DEC8E9F61}.Test|Any CPU.ActiveCfg = Test|Any CPU
		{2C46A29D-53DF-4908-A3B0-765DEC8E9F61}.Test|Any CPU.Build.0 = Test|Any CPU
		{3019CA45-A22F-4C17-98F5-480763CFB5C0}.Dev|Any CPU.ActiveCfg = Dev|Any CPU
		{3019CA45-A22F-4C17-98F5-480763CFB5C0}.Dev|Any CPU.Build.0 = Dev|Any CPU
		{3019CA45-A22F-4C17-98F5-480763CFB5C0}.Prod|Any CPU.ActiveCfg = Prod|Any CPU
		{3019CA45-A22F-4C17-98F5-480763CFB5C0}.Prod|Any CPU.Build.0 = Prod|Any CPU
		{3019CA45-A22F-4C17-98F5-480763CFB5C0}.Test|Any CPU.ActiveCfg = Test|Any CPU
		{3019CA45-A22F-4C17-98F5-480763CFB5C0}.Test|Any CPU.Build.0 = Test|Any CPU
		{5C88D276-6708-40E7-B3D0-AFAD5189B497}.Dev|Any CPU.ActiveCfg = Dev|Any CPU
		{5C88D276-6708-40E7-B3D0-AFAD5189B497}.Dev|Any CPU.Build.0 = Dev|Any CPU
		{5C88D276-6708-40E7-B3D0-AFAD5189B497}.Prod|Any CPU.ActiveCfg = Prod|Any CPU
		{5C88D276-6708-40E7-B3D0-AFAD5189B497}.Prod|Any CPU.Build.0 = Prod|Any CPU
		{5C88D276-6708-40E7-B3D0-AFAD5189B497}.Test|Any CPU.ActiveCfg = Test|Any CPU
		{5C88D276-6708-40E7-B3D0-AFAD5189B497}.Test|Any CPU.Build.0 = Test|Any CPU
		{E6DBED51-DACC-4493-B6B0-5F6BF63EE105}.Dev|Any CPU.ActiveCfg = Dev|Any CPU
		{E6DBED51-DACC-4493-B6B0-5F6BF63EE105}.Dev|Any CPU.Build.0 = Dev|Any CPU
		{E6DBED51-DACC-4493-B6B0-5F6BF63EE105}.Prod|Any CPU.ActiveCfg = Prod|Any CPU
		{E6DBED51-DACC-4493-B6B0-5F6BF63EE105}.Prod|Any CPU.Build.0 = Prod|Any CPU
		{E6DBED51-DACC-4493-B6B0-5F6BF63EE105}.Test|Any CPU.ActiveCfg = Test|Any CPU
		{E6DBED51-DACC-4493-B6B0-5F6BF63EE105}.Test|Any CPU.Build.0 = Test|Any CPU
		{58C18708-6523-4AFC-A7A2-DBD8715FF6D2}.Dev|Any CPU.ActiveCfg = Dev|Any CPU
		{58C18708-6523-4AFC-A7A2-DBD8715FF6D2}.Dev|Any CPU.Build.0 = Dev|Any CPU
		{58C18708-6523-4AFC-A7A2-DBD8715FF6D2}.Prod|Any CPU.ActiveCfg = Prod|Any CPU
		{58C18708-6523-4AFC-A7A2-DBD8715FF6D2}.Prod|Any CPU.Build.0 = Prod|Any CPU
		{58C18708-6523-4AFC-A7A2-DBD8715FF6D2}.Test|Any CPU.ActiveCfg = Test|Any CPU
		{58C18708-6523-4AFC-A7A2-DBD8715FF6D2}.Test|Any CPU.Build.0 = Test|Any CPU
		{45DDD773-6F76-4256-8071-9C6586EBA491}.Dev|Any CPU.ActiveCfg = Dev|Any CPU
		{45DDD773-6F76-4256-8071-9C6586EBA491}.Dev|Any CPU.Build.0 = Dev|Any CPU
		{45DDD773-6F76-4256-8071-9C6586EBA491}.Prod|Any CPU.ActiveCfg = Prod|Any CPU
		{45DDD773-6F76-4256-8071-9C6586EBA491}.Prod|Any CPU.Build.0 = Prod|Any CPU
		{45DDD773-6F76-4256-8071-9C6586EBA491}.Test|Any CPU.ActiveCfg = Test|Any CPU
		{45DDD773-6F76-4256-8071-9C6586EBA491}.Test|Any CPU.Build.0 = Test|Any CPU
	EndGlobalSection
	GlobalSection(SolutionProperties) = preSolution
		HideSolutionNode = FALSE
	EndGlobalSection
	GlobalSection(NestedProjects) = preSolution
		{C171FE63-5703-4FAB-8C23-272B11851D28} = {49BA55BA-94F1-4959-8B79-F2F6D9676BE2}
		{73C0B117-488E-4A38-87FA-9A2943F444BC} = {B9AECCFA-E013-49B4-9B59-D3B266C7F11C}
		{E3936829-7BCD-4E05-A38F-95BE9BF28763} = {B9AECCFA-E013-49B4-9B59-D3B266C7F11C}
		{6564AE7C-6D6A-4E5D-B2F9-A5645EF9FE81} = {B9AECCFA-E013-49B4-9B59-D3B266C7F11C}
		{2C46A29D-53DF-4908-A3B0-765DEC8E9F61} = {7BAF0826-9030-442E-AD1D-2D930D220D89}
		{3019CA45-A22F-4C17-98F5-480763CFB5C0} = {7BAF0826-9030-442E-AD1D-2D930D220D89}
		{5C88D276-6708-40E7-B3D0-AFAD5189B497} = {9649F0AB-0C1D-4938-92EA-2873823D7268}
		{E6DBED51-DACC-4493-B6B0-5F6BF63EE105} = {9649F0AB-0C1D-4938-92EA-2873823D7268}
		{58C18708-6523-4AFC-A7A2-DBD8715FF6D2} = {9649F0AB-0C1D-4938-92EA-2873823D7268}
		{45DDD773-6F76-4256-8071-9C6586EBA491} = {8C94EB85-66DE-4729-B44C-A3FB538D55F4}
	EndGlobalSection
	GlobalSection(ExtensibilityGlobals) = postSolution
		SolutionGuid = {17C9AE0D-50A6-4AA9-99DA-D6239B285029}
	EndGlobalSection
EndGlobal
